{
  "version": "3",
  "packages": {
    "specifiers": {
      "npm:camelcase-keys": "npm:camelcase-keys@9.1.2",
      "npm:turndown": "npm:turndown@7.1.2"
    },
    "npm": {
      "camelcase-keys@9.1.2": {
        "integrity": "sha512-nFhquwz7p3nWSHeVYoIkefNPdR2Rt4EuKs9/gaqx3DhJL6HkNHIEcsH+D6N4NvW/MHxc4TT+rp0rc4K7E7x9hw==",
        "dependencies": {
          "camelcase": "camelcase@8.0.0",
          "map-obj": "map-obj@5.0.0",
          "quick-lru": "quick-lru@6.1.2",
          "type-fest": "type-fest@4.8.3"
        }
      },
      "camelcase@8.0.0": {
        "integrity": "sha512-8WB3Jcas3swSvjIeA2yvCJ+Miyz5l1ZmB6HFb9R1317dt9LCQoswg/BGrmAmkWVEszSrrg4RwmO46qIm2OEnSA==",
        "dependencies": {}
      },
      "domino@2.1.6": {
        "integrity": "sha512-3VdM/SXBZX2omc9JF9nOPCtDaYQ67BGp5CoLpIQlO2KCAPETs8TcDHacF26jXadGbvUteZzRTeos2fhID5+ucQ==",
        "dependencies": {}
      },
      "map-obj@5.0.0": {
        "integrity": "sha512-2L3MIgJynYrZ3TYMriLDLWocz15okFakV6J12HXvMXDHui2x/zgChzg1u9mFFGbbGWE+GsLpQByt4POb9Or+uA==",
        "dependencies": {}
      },
      "quick-lru@6.1.2": {
        "integrity": "sha512-AAFUA5O1d83pIHEhJwWCq/RQcRukCkn/NSm2QsTEMle5f2hP0ChI2+3Xb051PZCkLryI/Ir1MVKviT2FIloaTQ==",
        "dependencies": {}
      },
      "turndown@7.1.2": {
        "integrity": "sha512-ntI9R7fcUKjqBP6QU8rBK2Ehyt8LAzt3UBT9JR9tgo6GtuKvyUzpayWmeMKJw1DPdXzktvtIT8m2mVXz+bL/Qg==",
        "dependencies": {
          "domino": "domino@2.1.6"
        }
      },
      "type-fest@4.8.3": {
        "integrity": "sha512-//BaTm14Q/gHBn09xlnKNqfI8t6bmdzx2DXYfPBNofN0WUybCEUDcbCWcTa0oF09lzLjZgPphXAsvRiMK0V6Bw==",
        "dependencies": {}
      }
    }
  },
  "remote": {
    "https://deno.land/std@0.205.0/assert/assert.ts": "9a97dad6d98c238938e7540736b826440ad8c1c1e54430ca4c4e623e585607ee",
    "https://deno.land/std@0.205.0/assert/assertion_error.ts": "4d0bde9b374dfbcbe8ac23f54f567b77024fb67dbb1906a852d67fe050d42f56",
    "https://deno.land/std@0.205.0/fs/_util.ts": "fbf57dcdc9f7bc8128d60301eece608246971a7836a3bb1e78da75314f08b978",
    "https://deno.land/std@0.205.0/fs/copy.ts": "ca19e4837965914471df38fbd61e16f9e8adfe89f9cffb0c83615c83ea3fc2bf",
    "https://deno.land/std@0.205.0/fs/empty_dir.ts": "0b4a2508232446eed232ad1243dd4b0f07ac503a281633ae1324d1528df70964",
    "https://deno.land/std@0.205.0/fs/ensure_dir.ts": "dc64c4c75c64721d4e3fb681f1382f803ff3d2868f08563ff923fdd20d071c40",
    "https://deno.land/std@0.205.0/fs/ensure_file.ts": "39ac83cc283a20ec2735e956adf5de3e8a3334e0b6820547b5772f71c49ae083",
    "https://deno.land/std@0.205.0/fs/ensure_link.ts": "c15e69c48556d78aae31b83e0c0ece04b7b8bc0951412f5b759aceb6fde7f0ac",
    "https://deno.land/std@0.205.0/fs/ensure_symlink.ts": "b389c8568f0656d145ac7ece472afe710815cccbb2ebfd19da7978379ae143fe",
    "https://deno.land/std@0.205.0/fs/eol.ts": "f1f2eb348a750c34500741987b21d65607f352cf7205f48f4319d417fff42842",
    "https://deno.land/std@0.205.0/fs/exists.ts": "cb59a853d84871d87acab0e7936a4dac11282957f8e195102c5a7acb42546bb8",
    "https://deno.land/std@0.205.0/fs/expand_glob.ts": "4f98c508fc9e40d6311d2f7fd88aaad05235cc506388c22dda315e095305811d",
    "https://deno.land/std@0.205.0/fs/mod.ts": "bc3d0acd488cc7b42627044caf47d72019846d459279544e1934418955ba4898",
    "https://deno.land/std@0.205.0/fs/move.ts": "b4f8f46730b40c32ea3c0bc8eb0fd0e8139249a698883c7b3756424cf19785c9",
    "https://deno.land/std@0.205.0/fs/walk.ts": "c1e6b43f72a46e89b630140308bd51a4795d416a416b4cfb7cd4bd1e25946723",
    "https://deno.land/std@0.205.0/path/_common/assert_path.ts": "061e4d093d4ba5aebceb2c4da3318bfe3289e868570e9d3a8e327d91c2958946",
    "https://deno.land/std@0.205.0/path/_common/basename.ts": "0d978ff818f339cd3b1d09dc914881f4d15617432ae519c1b8fdc09ff8d3789a",
    "https://deno.land/std@0.205.0/path/_common/common.ts": "9e4233b2eeb50f8b2ae10ecc2108f58583aea6fd3e8907827020282dc2b76143",
    "https://deno.land/std@0.205.0/path/_common/constants.ts": "e49961f6f4f48039c0dfed3c3f93e963ca3d92791c9d478ac5b43183413136e0",
    "https://deno.land/std@0.205.0/path/_common/dirname.ts": "2ba7fb4cc9fafb0f38028f434179579ce61d4d9e51296fad22b701c3d3cd7397",
    "https://deno.land/std@0.205.0/path/_common/format.ts": "11aa62e316dfbf22c126917f5e03ea5fe2ee707386555a8f513d27ad5756cf96",
    "https://deno.land/std@0.205.0/path/_common/from_file_url.ts": "ef1bf3197d2efbf0297a2bdbf3a61d804b18f2bcce45548ae112313ec5be3c22",
    "https://deno.land/std@0.205.0/path/_common/glob_to_reg_exp.ts": "5c3c2b79fc2294ec803d102bd9855c451c150021f452046312819fbb6d4dc156",
    "https://deno.land/std@0.205.0/path/_common/is_glob.ts": "567dce5c6656bdedfc6b3ee6c0833e1e4db2b8dff6e62148e94a917f289c06ad",
    "https://deno.land/std@0.205.0/path/_common/normalize.ts": "2ba7fb4cc9fafb0f38028f434179579ce61d4d9e51296fad22b701c3d3cd7397",
    "https://deno.land/std@0.205.0/path/_common/normalize_string.ts": "88c472f28ae49525f9fe82de8c8816d93442d46a30d6bb5063b07ff8a89ff589",
    "https://deno.land/std@0.205.0/path/_common/relative.ts": "1af19d787a2a84b8c534cc487424fe101f614982ae4851382c978ab2216186b4",
    "https://deno.land/std@0.205.0/path/_common/strip_trailing_separators.ts": "7ffc7c287e97bdeeee31b155828686967f222cd73f9e5780bfe7dfb1b58c6c65",
    "https://deno.land/std@0.205.0/path/_common/to_file_url.ts": "a8cdd1633bc9175b7eebd3613266d7c0b6ae0fb0cff24120b6092ac31662f9ae",
    "https://deno.land/std@0.205.0/path/_interface.ts": "6471159dfbbc357e03882c2266d21ef9afdb1e4aa771b0545e90db58a0ba314b",
    "https://deno.land/std@0.205.0/path/_os.ts": "30b0c2875f360c9296dbe6b7f2d528f0f9c741cecad2e97f803f5219e91b40a2",
    "https://deno.land/std@0.205.0/path/basename.ts": "04bb5ef3e86bba8a35603b8f3b69537112cdd19ce64b77f2522006da2977a5f3",
    "https://deno.land/std@0.205.0/path/common.ts": "f4d061c7d0b95a65c2a1a52439edec393e906b40f1caf4604c389fae7caa80f5",
    "https://deno.land/std@0.205.0/path/dirname.ts": "88a0a71c21debafc4da7a4cd44fd32e899462df458fbca152390887d41c40361",
    "https://deno.land/std@0.205.0/path/extname.ts": "2da4e2490f3b48b7121d19fb4c91681a5e11bd6bd99df4f6f47d7a71bb6ecdf2",
    "https://deno.land/std@0.205.0/path/format.ts": "3457530cc85d1b4bab175f9ae73998b34fd456c830d01883169af0681b8894fb",
    "https://deno.land/std@0.205.0/path/from_file_url.ts": "e7fa233ea1dff9641e8d566153a24d95010110185a6f418dd2e32320926043f8",
    "https://deno.land/std@0.205.0/path/glob.ts": "9c77cf47db1d786e2ebf66670824d03fd84ecc7c807cac24441eb9d5cb6a2986",
    "https://deno.land/std@0.205.0/path/is_absolute.ts": "67232b41b860571c5b7537f4954c88d86ae2ba45e883ee37d3dec27b74909d13",
    "https://deno.land/std@0.205.0/path/join.ts": "98d3d76c819af4a11a81d5ba2dbb319f1ce9d63fc2b615597d4bcfddd4a89a09",
    "https://deno.land/std@0.205.0/path/mod.ts": "2d62a0a8b78a60e8e6f485d881bac6b61d58573b11cf585fb7c8fc50d9b20d80",
    "https://deno.land/std@0.205.0/path/normalize.ts": "aa95be9a92c7bd4f9dc0ba51e942a1973e2b93d266cd74f5ca751c136d520b66",
    "https://deno.land/std@0.205.0/path/parse.ts": "d87ff0deef3fb495bc0d862278ff96da5a06acf0625ca27769fc52ac0d3d6ece",
    "https://deno.land/std@0.205.0/path/posix/_util.ts": "ecf49560fedd7dd376c6156cc5565cad97c1abe9824f4417adebc7acc36c93e5",
    "https://deno.land/std@0.205.0/path/posix/basename.ts": "a630aeb8fd8e27356b1823b9dedd505e30085015407caa3396332752f6b8406a",
    "https://deno.land/std@0.205.0/path/posix/common.ts": "e781d395dc76f6282e3f7dd8de13194abb8b04a82d109593141abc6e95755c8b",
    "https://deno.land/std@0.205.0/path/posix/dirname.ts": "f48c9c42cc670803b505478b7ef162c7cfa9d8e751b59d278b2ec59470531472",
    "https://deno.land/std@0.205.0/path/posix/extname.ts": "ee7f6571a9c0a37f9218fbf510c440d1685a7c13082c348d701396cc795e0be0",
    "https://deno.land/std@0.205.0/path/posix/format.ts": "b94876f77e61bfe1f147d5ccb46a920636cd3cef8be43df330f0052b03875968",
    "https://deno.land/std@0.205.0/path/posix/from_file_url.ts": "b97287a83e6407ac27bdf3ab621db3fccbf1c27df0a1b1f20e1e1b5acf38a379",
    "https://deno.land/std@0.205.0/path/posix/glob.ts": "86c3f06d1c98303613c74650961c3e24bdb871cde2a97c3ae7f0f6d4abbef445",
    "https://deno.land/std@0.205.0/path/posix/is_absolute.ts": "159900a3422d11069d48395568217eb7fc105ceda2683d03d9b7c0f0769e01b8",
    "https://deno.land/std@0.205.0/path/posix/join.ts": "0c0d84bdc344876930126640011ec1b888e6facf74153ffad9ef26813aa2a076",
    "https://deno.land/std@0.205.0/path/posix/mod.ts": "6bfa8a42d85345b12dbe8571028ca2c62d460b6ef968125e498602b43b6cf6b6",
    "https://deno.land/std@0.205.0/path/posix/normalize.ts": "11de90a94ab7148cc46e5a288f7d732aade1d616bc8c862f5560fa18ff987b4b",
    "https://deno.land/std@0.205.0/path/posix/parse.ts": "199208f373dd93a792e9c585352bfc73a6293411bed6da6d3bc4f4ef90b04c8e",
    "https://deno.land/std@0.205.0/path/posix/relative.ts": "e2f230608b0f083e6deaa06e063943e5accb3320c28aef8d87528fbb7fe6504c",
    "https://deno.land/std@0.205.0/path/posix/resolve.ts": "51579d83159d5c719518c9ae50812a63959bbcb7561d79acbdb2c3682236e285",
    "https://deno.land/std@0.205.0/path/posix/separator.ts": "0b6573b5f3269a3164d8edc9cefc33a02dd51003731c561008c8bb60220ebac1",
    "https://deno.land/std@0.205.0/path/posix/to_file_url.ts": "08d43ea839ee75e9b8b1538376cfe95911070a655cd312bc9a00f88ef14967b6",
    "https://deno.land/std@0.205.0/path/posix/to_namespaced_path.ts": "c9228a0e74fd37e76622cd7b142b8416663a9b87db643302fa0926b5a5c83bdc",
    "https://deno.land/std@0.205.0/path/relative.ts": "23d45ede8b7ac464a8299663a43488aad6b561414e7cbbe4790775590db6349c",
    "https://deno.land/std@0.205.0/path/resolve.ts": "5b184efc87155a0af9fa305ff68a109e28de9aee81fc3e77cd01380f19daf867",
    "https://deno.land/std@0.205.0/path/separator.ts": "40a3e9a4ad10bef23bc2cd6c610291b6c502a06237c2c4cd034a15ca78dedc1f",
    "https://deno.land/std@0.205.0/path/to_file_url.ts": "edaafa089e0bce386e1b2d47afe7c72e379ff93b28a5829a5885e4b6c626d864",
    "https://deno.land/std@0.205.0/path/to_namespaced_path.ts": "cf8734848aac3c7527d1689d2adf82132b1618eff3cc523a775068847416b22a",
    "https://deno.land/std@0.205.0/path/windows/_util.ts": "f32b9444554c8863b9b4814025c700492a2b57ff2369d015360970a1b1099d54",
    "https://deno.land/std@0.205.0/path/windows/basename.ts": "8a9dbf7353d50afbc5b221af36c02a72c2d1b2b5b9f7c65bf6a5a2a0baf88ad3",
    "https://deno.land/std@0.205.0/path/windows/common.ts": "e781d395dc76f6282e3f7dd8de13194abb8b04a82d109593141abc6e95755c8b",
    "https://deno.land/std@0.205.0/path/windows/dirname.ts": "5c2aa541384bf0bd9aca821275d2a8690e8238fa846198ef5c7515ce31a01a94",
    "https://deno.land/std@0.205.0/path/windows/extname.ts": "07f4fa1b40d06a827446b3e3bcc8d619c5546b079b8ed0c77040bbef716c7614",
    "https://deno.land/std@0.205.0/path/windows/format.ts": "343019130d78f172a5c49fdc7e64686a7faf41553268961e7b6c92a6d6548edf",
    "https://deno.land/std@0.205.0/path/windows/from_file_url.ts": "d53335c12b0725893d768be3ac6bf0112cc5b639d2deb0171b35988493b46199",
    "https://deno.land/std@0.205.0/path/windows/glob.ts": "0286fb89ecd21db5cbf3b6c79e2b87c889b03f1311e66fb769e6b905d4142332",
    "https://deno.land/std@0.205.0/path/windows/is_absolute.ts": "245b56b5f355ede8664bd7f080c910a97e2169972d23075554ae14d73722c53c",
    "https://deno.land/std@0.205.0/path/windows/join.ts": "e6600bf88edeeef4e2276e155b8de1d5dec0435fd526ba2dc4d37986b2882f16",
    "https://deno.land/std@0.205.0/path/windows/mod.ts": "c3d1a36fbf9f6db1320bcb4fbda8de011d25461be3497105e15cbea1e3726198",
    "https://deno.land/std@0.205.0/path/windows/normalize.ts": "9deebbf40c81ef540b7b945d4ccd7a6a2c5a5992f791e6d3377043031e164e69",
    "https://deno.land/std@0.205.0/path/windows/parse.ts": "120faf778fe1f22056f33ded069b68e12447668fcfa19540c0129561428d3ae5",
    "https://deno.land/std@0.205.0/path/windows/relative.ts": "026855cd2c36c8f28f1df3c6fbd8f2449a2aa21f48797a74700c5d872b86d649",
    "https://deno.land/std@0.205.0/path/windows/resolve.ts": "5ff441ab18a2346abadf778121128ee71bda4d0898513d4639a6ca04edca366b",
    "https://deno.land/std@0.205.0/path/windows/separator.ts": "ae21f27015f10510ed1ac4a0ba9c4c9c967cbdd9d9e776a3e4967553c397bd5d",
    "https://deno.land/std@0.205.0/path/windows/to_file_url.ts": "8e9ea9e1ff364aa06fa72999204229952d0a279dbb876b7b838b2b2fea55cce3",
    "https://deno.land/std@0.205.0/path/windows/to_namespaced_path.ts": "e0f4d4a5e77f28a5708c1a33ff24360f35637ba6d8f103d19661255ef7bfd50d",
    "https://deno.land/std@0.205.0/semver/_shared.ts": "8547ccf91b36c30fb2a8a17d7081df13f4ae694c4aa44c39799eba69ad0dcb23",
    "https://deno.land/std@0.205.0/semver/cmp.ts": "12c30b5888afd9e414defef64f881a478ff9ab11bd329ed6c5844b74eea5c971",
    "https://deno.land/std@0.205.0/semver/comparator_format.ts": "329e05d914c064590ded4801fc601bf1c5d0f461c5524b1578e10f180551ef6f",
    "https://deno.land/std@0.205.0/semver/comparator_intersects.ts": "61920121a6c1600306dbcf8944c4cc55e45c3a1bdbefe41b79a0884bf02d9e1b",
    "https://deno.land/std@0.205.0/semver/comparator_max.ts": "f4cc5f528abd8aab68c66bbead732e3c59102b13a318cd8e4f8a47aa3debec76",
    "https://deno.land/std@0.205.0/semver/comparator_min.ts": "eea382428ebf0c50168f780898df8519c88da5a10d1f8babbfebdc89fb75942e",
    "https://deno.land/std@0.205.0/semver/compare.ts": "782e03b5107648bebaaebf0e33a9a7d6a0481eb88d2f7be8e857e4abbfdf42c0",
    "https://deno.land/std@0.205.0/semver/compare_build.ts": "5d6ebc0106f1ed46e391d6c234e071934ba30938fa818c9cc3da67c7c7494c02",
    "https://deno.land/std@0.205.0/semver/constants.ts": "bb0c7652c433c7ec1dad5bf18c7e7e1557efe9ddfd5e70aa6305153e76dc318c",
    "https://deno.land/std@0.205.0/semver/difference.ts": "966ef286f0bfde53ebfb74a727c607b05a7fdce623a678794d088166b9b9afdf",
    "https://deno.land/std@0.205.0/semver/eq.ts": "6ddb84ce8c95f18e9b7a46d8a63b1e6ca5f0c0f651f1f46f20db6543b390c3f3",
    "https://deno.land/std@0.205.0/semver/format.ts": "236cc8b5d2e8031258dcff3ca89e14ba926434d5b789730e2c781db172e76bd9",
    "https://deno.land/std@0.205.0/semver/gt.ts": "8529cf2ae1bca95c22801cf38f93620dc802c5dcbc02f863437571b970de3705",
    "https://deno.land/std@0.205.0/semver/gte.ts": "b54f7855ac37ff076d6df9a294e944356754171f94f5cb974af782480a9f1fd0",
    "https://deno.land/std@0.205.0/semver/gtr.ts": "d2ec1f02ce6a566b7df76a188af7315d802c6069892d460d631a3b0d9e2b1a45",
    "https://deno.land/std@0.205.0/semver/increment.ts": "a6e5ac018887244731a4b936743ae14476cc432ac874f1c9848711b4000c5991",
    "https://deno.land/std@0.205.0/semver/is_semver.ts": "666f4e1d8e41994150d4326d515046bc5fc72e59cbbd6e756a0b60548dcd00b5",
    "https://deno.land/std@0.205.0/semver/is_semver_comparator.ts": "035aa894415ad1c8f50a6b6f52ea49c62d6f3af62b5d6fca9c1f4cb84f1896fd",
    "https://deno.land/std@0.205.0/semver/is_semver_range.ts": "6f9b4f1c937a202750cae9444900d8abe4a68cc3bf5bb90f0d49c08cf85308cb",
    "https://deno.land/std@0.205.0/semver/lt.ts": "081614b5adbc5bc944649e09af946a90a4b4bdb3d65a67c005183994504f04c2",
    "https://deno.land/std@0.205.0/semver/lte.ts": "f8605c17d620bfb3aa57775643e3c560c04f7c20f2e431f64ca5b2ea39e36217",
    "https://deno.land/std@0.205.0/semver/ltr.ts": "975e672b5ca8aa67336660653f8c76e1db829c628fb08ea3e815a9a12fa7eb9c",
    "https://deno.land/std@0.205.0/semver/max_satisfying.ts": "75406901818cd1127a6332e007e96285474e833d0e40dbbfddc01b08ee6e51f2",
    "https://deno.land/std@0.205.0/semver/min_satisfying.ts": "58bd48033a00e63bea0709f78c33c66ea58bce2dbebda0d54d3fdc6db7d0d298",
    "https://deno.land/std@0.205.0/semver/mod.ts": "442702e8a57cbf02e68868c46ffe66ecf6efbde58d72cfdfbdaa51ad0c4af513",
    "https://deno.land/std@0.205.0/semver/neq.ts": "e91b699681c3b406fc3d661d4eac7aa36cd1cc8bf188f8e3c7b53cc340775b87",
    "https://deno.land/std@0.205.0/semver/outside.ts": "1d225fdb42172d946c382e144ce97c402812741741bbe299561aa164cc956ec4",
    "https://deno.land/std@0.205.0/semver/parse.ts": "5d24ec0c5f681db1742c31332f6007395c84696c88ff4b58287485ed3f6d8c84",
    "https://deno.land/std@0.205.0/semver/parse_comparator.ts": "f07f9be8322b1f61a36b94c3c65a0dc4124958ee54cf744c92ca4028bf156d5e",
    "https://deno.land/std@0.205.0/semver/parse_range.ts": "39a18608a8026004b218ef383e7ae624a9e663b82327948c1810f16d875113c2",
    "https://deno.land/std@0.205.0/semver/range_format.ts": "3de31fd0b74dd565e052840e73a8e9ee1d9d289ca60b85749167710b978cc078",
    "https://deno.land/std@0.205.0/semver/range_intersects.ts": "8672e603df1bb68a02452b634021c4913395f4d16d75c21b578d6f4175a2b2c1",
    "https://deno.land/std@0.205.0/semver/range_max.ts": "9c10c65bbc7796347ce6f765a77865cead88870d17481ac78259400a2378af2e",
    "https://deno.land/std@0.205.0/semver/range_min.ts": "b7849e70e0b0677b382eddaa822b6690521449a659c5b8ec84cbd438f6e6ca59",
    "https://deno.land/std@0.205.0/semver/rcompare.ts": "b8b9f5108d40c64cf50ffe455199aba7ad64995829a17110301ae3f8290374ee",
    "https://deno.land/std@0.205.0/semver/rsort.ts": "a9139a1fc37570f9d8b6517032d152cf69143cec89d4342f19174e48f06d8543",
    "https://deno.land/std@0.205.0/semver/sort.ts": "c058a5b2c8e866fa8e6ef25c9d228133357caf4c140f129bfc368334fcd0813b",
    "https://deno.land/std@0.205.0/semver/test_comparator.ts": "eff5394cb82d133ed18f96fe547de7e7264bf0d25d16cbc6126664aa06ef8f37",
    "https://deno.land/std@0.205.0/semver/test_range.ts": "b236c276268e92bbbc65e7c4b4b6b685ea6b4534a71b2525b53093d094f631c6",
    "https://deno.land/std@0.205.0/semver/types.ts": "d44f442c2f27dd89bd6695b369e310b80549746f03c38f241fe28a83b33dd429",
    "https://deno.land/x/denops_core@v5.0.0/denops.ts": "ffc9c6dcf873d806ae6e426661dc86d6c27f3faabaf19eea336254ee57b554cc",
    "https://deno.land/x/denops_core@v5.0.0/mod.ts": "abc31bf739a30a8cf07d54a56b7c5d5efb8105bf9dd4d6dae4866649985bc035",
    "https://deno.land/x/denops_std@v5.1.0/autocmd/common.ts": "73ad29a363948871aba4cc2e5661bef5145e671b953d3f9815d4f56efc4c70a0",
    "https://deno.land/x/denops_std@v5.1.0/autocmd/group.ts": "d55d1657aa51517ddad9e3516570f6cdb5b86020f5b6796c22b0e23375e33d2f",
    "https://deno.land/x/denops_std@v5.1.0/autocmd/mod.ts": "a3fbf1c1b2bd5a7f95a3bc94e6df909b291376d657bc35272b52ad3e2728ec8a",
    "https://deno.land/x/denops_std@v5.1.0/autocmd/types.ts": "485f918030b3d28c86052dcf7822f6bbeaa95119db1f0d7632af54b1c087f53c",
    "https://deno.land/x/denops_std@v5.1.0/autocmd/utils.ts": "f0238f60cf80acb14c8aaa89b25454714f3f627b1f8c94ca8197e906ff753f3f",
    "https://deno.land/x/denops_std@v5.1.0/batch/batch.ts": "6ae455674810813826114a770b66ccfc46dc3c6cdeb4b23a55a820a52c972e9b",
    "https://deno.land/x/denops_std@v5.1.0/batch/collect.ts": "725a88cd23c784dbca2808e9981e17f44b783195fd2cd8feb4ba59f6c5174b87",
    "https://deno.land/x/denops_std@v5.1.0/batch/mod.ts": "d0d2750a9fff0872b001de47a77e4ed08f5142fdc219d9ba6cf3444d393d732a",
    "https://deno.land/x/denops_std@v5.1.0/function/_generated.ts": "f9ec2bf72d98e6070afffedf4aa3e11decb6d611da2431859b0b4af3dcc10d3a",
    "https://deno.land/x/denops_std@v5.1.0/function/_manual.ts": "a26da7f6d5cae879eac8ebb925cf86943ef49644fe99878c69c6917697672ea7",
    "https://deno.land/x/denops_std@v5.1.0/function/buffer.ts": "b84bc924eadd1085a0bd68dd45ad794fd8eb7aad314a7697e3339dfc6cbaaed6",
    "https://deno.land/x/denops_std@v5.1.0/function/common.ts": "7511002d713c8c064d8e1d87f381f94292bf6963c0b866a51c510ad57af8f698",
    "https://deno.land/x/denops_std@v5.1.0/function/cursor.ts": "18bc8ed07666f6769c89ef9bcf8009719f16f0ad03b7a27c6bb18bc09362030e",
    "https://deno.land/x/denops_std@v5.1.0/function/getreginfo.ts": "816d1fff85c3869e7081aad6d62190cb5ea1fe7d2d2c0d01cc94d64ce7e12721",
    "https://deno.land/x/denops_std@v5.1.0/function/input.ts": "ff24065c05291bd5dce2a3a1b92291a97d3ef5b05e9d135a54b07d7c45b33374",
    "https://deno.land/x/denops_std@v5.1.0/function/mod.ts": "714b13733ab9a1a4cb77220dafe27ee5edabe00c000ab79f8ab030a5c8440788",
    "https://deno.land/x/denops_std@v5.1.0/function/types.ts": "84dfc5b5537f7dc7c08018103fac19e39b978f2446e7ea4122c6da92dcc77f43",
    "https://deno.land/x/denops_std@v5.1.0/function/various.ts": "442cfb107e1ff881b0772276feba59d60504f3776dd03d47b039acac2e07ed3d",
    "https://deno.land/x/denops_std@v5.1.0/helper/echo.ts": "9bacbbb69a87817554dacf716e95f6aeb058fdfff0a80e2dbba5d76706809df4",
    "https://deno.land/x/denops_std@v5.1.0/helper/execute.ts": "4534e956ab1e4e160358cef64627e0877071f219b72d447c9314ce5d505f4412",
    "https://deno.land/x/denops_std@v5.1.0/helper/input.ts": "068f303a9003b19fee33ff541f19e6daab1aef96ddf041648d4f2992fba1fb71",
    "https://deno.land/x/denops_std@v5.1.0/helper/load.ts": "f4ff2f1e3b072de6135e83ed2ae6490e12ff5b1c73e902e5c9b73f58134b845f",
    "https://deno.land/x/denops_std@v5.1.0/helper/mod.ts": "4f008bc1bfdb89129b493c49be1996c9aa7902ad0a862675a7884d4d6c255c8f",
    "https://deno.land/x/denops_std@v5.1.0/lambda/mod.ts": "72ed7e5109cd008403a63065025eba9a9bb184e5feda6517642f49478c2c6121",
    "https://deno.land/x/denops_std@v5.1.0/mod.ts": "2ce8f91e762c2817d7e3a6ca71c7449e2271169f6025b9799da092fe0e0bea36",
    "https://deno.land/x/denops_std@v5.1.0/util.ts": "ded8c5790c4cb6082d27596ff0958291d795695ec6323113dec5c1985b5ebb46",
    "https://deno.land/x/dir@1.5.2/cache_dir/mod.ts": "8a82889db79c547fbbd3536c9c964047657b19fb59365c5fa59afc46082f9fe5",
    "https://deno.land/x/sqlite@v3.8/build/sqlite.js": "72f63689fffcb9bb5ae10b1e8f7db09ea845cdf713e0e3a9693d8416a28f92a6",
    "https://deno.land/x/sqlite@v3.8/build/vfs.js": "08533cc78fb29b9d9bd62f6bb93e5ef333407013fed185776808f11223ba0e70",
    "https://deno.land/x/sqlite@v3.8/mod.ts": "e09fc79d8065fe222578114b109b1fd60077bff1bb75448532077f784f4d6a83",
    "https://deno.land/x/sqlite@v3.8/src/constants.ts": "90f3be047ec0a89bcb5d6fc30db121685fc82cb00b1c476124ff47a4b0472aa9",
    "https://deno.land/x/sqlite@v3.8/src/db.ts": "7d3251021756fa80f382c3952217c7446c5c8c1642b63511da0938fe33562663",
    "https://deno.land/x/sqlite@v3.8/src/error.ts": "f7a15cb00d7c3797da1aefee3cf86d23e0ae92e73f0ba3165496c3816ab9503a",
    "https://deno.land/x/sqlite@v3.8/src/function.ts": "e4c83b8ec64bf88bafad2407376b0c6a3b54e777593c70336fb40d43a79865f2",
    "https://deno.land/x/sqlite@v3.8/src/query.ts": "d58abda928f6582d77bad685ecf551b1be8a15e8e38403e293ec38522e030cad",
    "https://deno.land/x/sqlite@v3.8/src/wasm.ts": "e79d0baa6e42423257fb3c7cc98091c54399254867e0f34a09b5bdef37bd9487",
    "https://deno.land/x/unknownutil@v3.10.0/inspect.ts": "33e61bdfed94cd586d66600813b528fa93046a2802d8144277b92f0fa5e5f10e",
    "https://deno.land/x/unknownutil@v3.10.0/is.ts": "957784493b678a8905728c0998577443db3c66b4c8f9eaad56e6dc97167d2d0d",
    "https://deno.land/x/unknownutil@v3.10.0/mod.ts#^": "50f0bdb70664c65b2954d4b9bb0f95f9bb4c77c4469331fda2475a4ffbb51a15",
    "https://deno.land/x/unknownutil@v3.10.0/mod.ts#^.ts": "50f0bdb70664c65b2954d4b9bb0f95f9bb4c77c4469331fda2475a4ffbb51a15",
    "https://deno.land/x/unknownutil@v3.10.0/util.ts": "5c9b52ef699e569ccec9d4c33148545bf5328c6a5e2f6f56f651ce6bdd44eb1e"
  }
}
